{
  "name": "htmlrapier.roleclient",
  "version": "5.0.0",
  "lockfileVersion": 1,
  "requires": true,
  "dependencies": {
    "htmlrapier": {
      "version": "25.0.0",
      "resolved": "https://registry.npmjs.org/htmlrapier/-/htmlrapier-25.0.0.tgz",
      "integrity": "sha512-4+lJmI2WVxEPAZd4RKE9Dv8ycYqBcHbuLxhRzVx05X0ucKI/hRsMWCoA4Xxvue7q5IH5NlH4w8GKfk3FZ6vgvg==",
      "requires": {
        "tslib": ">=1.6.1"
      }
    },
    "htmlrapier.halcyon": {
      "version": "10.0.0",
      "resolved": "https://registry.npmjs.org/htmlrapier.halcyon/-/htmlrapier.halcyon-10.0.0.tgz",
      "integrity": "sha512-9DQuDyVinIx939+lQq4GX6IMIOnVgv28RxrS8o+KvGQr1Dd15mU2va6Ckfr3e1WmKn9tX3lrYOUnuQWqeg2YzA==",
      "requires": {
        "htmlrapier": ">=25.0.0"
      }
    },
    "htmlrapier.widgets": {
      "version": "16.0.0",
      "resolved": "https://registry.npmjs.org/htmlrapier.widgets/-/htmlrapier.widgets-16.0.0.tgz",
      "integrity": "sha512-qjjkRrjnxjm4u0JaljZMrEheiS01noOAvxd2A5jYMA3YsujtnGGLxTqMt6FddKFWOajKmn9olrFpuccP8927Lg==",
      "requires": {
        "htmlrapier": ">=25.0.0",
        "htmlrapier.halcyon": ">=10.0.0"
      }
    },
    "tslib": {
      "version": "2.3.0",
      "resolved": "https://registry.npmjs.org/tslib/-/tslib-2.3.0.tgz",
      "integrity": "sha512-N82ooyxVNm6h1riLCoyS9e3fuJ3AMG2zIZs2Gd1ATcSFjSA23Q0fzjjZeh0jbJvWVDZ0cJT8yaNNaaXHzueNjg=="
    }
  }
}
